version = 1
revision = 2
requires-python = ">=3.12"

[manifest]
members = [
    "report-core",
    "report-core-dev",
]

[[package]]
name = "maturin"
version = "1.9.0"
source = { registry = "https://pypi.org/simple" }
sdist = { url = "https://files.pythonhosted.org/packages/2a/3a/117a238e055c7d9de5a27619e09f2762830f3ea227f69e110d86e2ec5bd9/maturin-1.9.0.tar.gz", hash = "sha256:ccb9cb87f8df88d1bab8f49efe3fc77f0abb0639ea4b4ebf4f35549200d16b9e", size = 209543, upload-time = "2025-06-23T14:36:05.768Z" }
wheels = [
    { url = "https://files.pythonhosted.org/packages/b7/3f/3063ce9ace8fe33e02cc05209551a5a0d0af9b7990b14e063876ff149e82/maturin-1.9.0-py3-none-linux_armv6l.whl", hash = "sha256:18d77e395f62a0227697098526be6becb3ceea34a79f338b1b716fb96e42a1b2", size = 8130784, upload-time = "2025-06-23T14:35:35.813Z" },
    { url = "https://files.pythonhosted.org/packages/97/52/cb5491ad290002186af3bcb4768f7bb5c6c8d6917cf0a98b945533cd8c04/maturin-1.9.0-py3-none-macosx_10_12_x86_64.macosx_11_0_arm64.macosx_10_12_universal2.whl", hash = "sha256:33f046f52327b68c28203efe5ecc4fd1952b4d1fe34e65853092e3347a6a6fa0", size = 16082407, upload-time = "2025-06-23T14:35:39.584Z" },
    { url = "https://files.pythonhosted.org/packages/e1/9c/c6fd50c23875fc741651b2fedfffdf4f671cb74c46e66f365d1f9b861daf/maturin-1.9.0-py3-none-macosx_10_12_x86_64.whl", hash = "sha256:6b075f82dc87fa70d583b1fe909ac5e96f36ec2043721acb82f9d6757e860459", size = 8405709, upload-time = "2025-06-23T14:35:42.248Z" },
    { url = "https://files.pythonhosted.org/packages/c6/44/bf61ff9d3f0db8c5a868da55e7827e5fb1a82642705384bcc85bc9a1918f/maturin-1.9.0-py3-none-manylinux_2_12_i686.manylinux2010_i686.musllinux_1_1_i686.whl", hash = "sha256:c99003470cb37388a31152af4b00492c5db8d767f689a64f45eb5830adc6f3f4", size = 8152167, upload-time = "2025-06-23T14:35:45.013Z" },
    { url = "https://files.pythonhosted.org/packages/8e/99/634aa686a41f899b39300c28ecca756974609e65e80e7a1b7a77765bd070/maturin-1.9.0-py3-none-manylinux_2_12_x86_64.manylinux2010_x86_64.musllinux_1_1_x86_64.whl", hash = "sha256:35a506c3139d6847edd160f99fd0da7c7b2bbb4d53e0fef995479eed3a92ac37", size = 8808959, upload-time = "2025-06-23T14:35:47.099Z" },
    { url = "https://files.pythonhosted.org/packages/98/4d/4cfa79bad83d2722c47c058f0b527ac5f27c852845b9e79aca95e4fe09c5/maturin-1.9.0-py3-none-manylinux_2_17_aarch64.manylinux2014_aarch64.musllinux_1_1_aarch64.whl", hash = "sha256:a48d8917e60875a06ef36568c2c4a926b6e2681616a251cc50cbf0a5c8aa7428", size = 7911691, upload-time = "2025-06-23T14:35:49.768Z" },
    { url = "https://files.pythonhosted.org/packages/4d/8b/a9410f5ebccad93f86539ab2f77a7aabb9dd05396f9238125c946dc0798c/maturin-1.9.0-py3-none-manylinux_2_17_armv7l.manylinux2014_armv7l.musllinux_1_1_armv7l.whl", hash = "sha256:5a7a829b03415b7fcaaabeafb520a92cd32b6dd9e8d12e34c7cd7689d404e6a3", size = 7990238, upload-time = "2025-06-23T14:35:51.8Z" },
    { url = "https://files.pythonhosted.org/packages/13/8c/9dd88d5a30717a01793f81ad561b4e77316e0e6154f73e8b072b9ad3378e/maturin-1.9.0-py3-none-manylinux_2_17_ppc64le.manylinux2014_ppc64le.musllinux_1_1_ppc64le.whl", hash = "sha256:3aa8de021f91bd41918f4afd1b285e84e1b858e354b1de01597bb97a1b9820e1", size = 10134367, upload-time = "2025-06-23T14:35:54.288Z" },
    { url = "https://files.pythonhosted.org/packages/35/34/bb85f46570b4ff2e7bf0dfb8c7408855df811f15d0c1a22896a4699ac0ac/maturin-1.9.0-py3-none-manylinux_2_17_s390x.manylinux2014_s390x.whl", hash = "sha256:289d0c2925a8c8ba3ce058e7b691b1c274fd06e36a915232f4e07fa62266f9b6", size = 9001993, upload-time = "2025-06-23T14:35:56.692Z" },
    { url = "https://files.pythonhosted.org/packages/fd/c2/4fc7982061a0546ed6b1689120648a717de6de5ceb47fe4aa502d178ab49/maturin-1.9.0-py3-none-win32.whl", hash = "sha256:8634a6b7e4af491fea90441580f73d74fd92320cfc53ea06d06293ffa89430e5", size = 7268107, upload-time = "2025-06-23T14:35:58.938Z" },
    { url = "https://files.pythonhosted.org/packages/0e/44/b3236b2a3f6d26600cb3c81535c06c80fd80cbcdcf893648d8bb8660edbe/maturin-1.9.0-py3-none-win_amd64.whl", hash = "sha256:fb9796c1893d1e3cd9da9325ef3c63d54a5b0fe6183ddae4954b10c64a1ae5e3", size = 8309313, upload-time = "2025-06-23T14:36:01.07Z" },
    { url = "https://files.pythonhosted.org/packages/11/9b/5fd901fd60e82d9e4c90092b4912ba6b790c7976cc54c1c93b495dc138ee/maturin-1.9.0-py3-none-win_arm64.whl", hash = "sha256:7acbcf1ae9d3c26c2cceec08b4f58d37ac1a7df5f15b13328e3f80efb5b6c4de", size = 6989945, upload-time = "2025-06-23T14:36:04.24Z" },
]

[[package]]
name = "report-core"
source = { editable = "core_pyo3" }

[[package]]
name = "report-core-dev"
version = "0.9.4"
source = { virtual = "." }

[package.dev-dependencies]
dev = [
    { name = "maturin" },
    { name = "ruff" },
]

[package.metadata]

[package.metadata.requires-dev]
dev = [
    { name = "maturin", specifier = ">=1.9.0" },
    { name = "ruff", specifier = ">=0.11.13" },
]

[[package]]
name = "ruff"
version = "0.12.2"
source = { registry = "https://pypi.org/simple" }
sdist = { url = "https://files.pythonhosted.org/packages/6c/3d/d9a195676f25d00dbfcf3cf95fdd4c685c497fcfa7e862a44ac5e4e96480/ruff-0.12.2.tar.gz", hash = "sha256:d7b4f55cd6f325cb7621244f19c873c565a08aff5a4ba9c69aa7355f3f7afd3e", size = 4432239, upload-time = "2025-07-03T16:40:19.566Z" }
wheels = [
    { url = "https://files.pythonhosted.org/packages/74/b6/2098d0126d2d3318fd5bec3ad40d06c25d377d95749f7a0c5af17129b3b1/ruff-0.12.2-py3-none-linux_armv6l.whl", hash = "sha256:093ea2b221df1d2b8e7ad92fc6ffdca40a2cb10d8564477a987b44fd4008a7be", size = 10369761, upload-time = "2025-07-03T16:39:38.847Z" },
    { url = "https://files.pythonhosted.org/packages/b1/4b/5da0142033dbe155dc598cfb99262d8ee2449d76920ea92c4eeb9547c208/ruff-0.12.2-py3-none-macosx_10_12_x86_64.whl", hash = "sha256:09e4cf27cc10f96b1708100fa851e0daf21767e9709e1649175355280e0d950e", size = 11155659, upload-time = "2025-07-03T16:39:42.294Z" },
    { url = "https://files.pythonhosted.org/packages/3e/21/967b82550a503d7c5c5c127d11c935344b35e8c521f52915fc858fb3e473/ruff-0.12.2-py3-none-macosx_11_0_arm64.whl", hash = "sha256:8ae64755b22f4ff85e9c52d1f82644abd0b6b6b6deedceb74bd71f35c24044cc", size = 10537769, upload-time = "2025-07-03T16:39:44.75Z" },
    { url = "https://files.pythonhosted.org/packages/33/91/00cff7102e2ec71a4890fb7ba1803f2cdb122d82787c7d7cf8041fe8cbc1/ruff-0.12.2-py3-none-manylinux_2_17_aarch64.manylinux2014_aarch64.whl", hash = "sha256:3eb3a6b2db4d6e2c77e682f0b988d4d61aff06860158fdb413118ca133d57922", size = 10717602, upload-time = "2025-07-03T16:39:47.652Z" },
    { url = "https://files.pythonhosted.org/packages/9b/eb/928814daec4e1ba9115858adcda44a637fb9010618721937491e4e2283b8/ruff-0.12.2-py3-none-manylinux_2_17_armv7l.manylinux2014_armv7l.whl", hash = "sha256:73448de992d05517170fc37169cbca857dfeaeaa8c2b9be494d7bcb0d36c8f4b", size = 10198772, upload-time = "2025-07-03T16:39:49.641Z" },
    { url = "https://files.pythonhosted.org/packages/50/fa/f15089bc20c40f4f72334f9145dde55ab2b680e51afb3b55422effbf2fb6/ruff-0.12.2-py3-none-manylinux_2_17_i686.manylinux2014_i686.whl", hash = "sha256:3b8b94317cbc2ae4a2771af641739f933934b03555e51515e6e021c64441532d", size = 11845173, upload-time = "2025-07-03T16:39:52.069Z" },
    { url = "https://files.pythonhosted.org/packages/43/9f/1f6f98f39f2b9302acc161a4a2187b1e3a97634fe918a8e731e591841cf4/ruff-0.12.2-py3-none-manylinux_2_17_ppc64.manylinux2014_ppc64.whl", hash = "sha256:45fc42c3bf1d30d2008023a0a9a0cfb06bf9835b147f11fe0679f21ae86d34b1", size = 12553002, upload-time = "2025-07-03T16:39:54.551Z" },
    { url = "https://files.pythonhosted.org/packages/d8/70/08991ac46e38ddd231c8f4fd05ef189b1b94be8883e8c0c146a025c20a19/ruff-0.12.2-py3-none-manylinux_2_17_ppc64le.manylinux2014_ppc64le.whl", hash = "sha256:ce48f675c394c37e958bf229fb5c1e843e20945a6d962cf3ea20b7a107dcd9f4", size = 12171330, upload-time = "2025-07-03T16:39:57.55Z" },
    { url = "https://files.pythonhosted.org/packages/88/a9/5a55266fec474acfd0a1c73285f19dd22461d95a538f29bba02edd07a5d9/ruff-0.12.2-py3-none-manylinux_2_17_s390x.manylinux2014_s390x.whl", hash = "sha256:793d8859445ea47591272021a81391350205a4af65a9392401f418a95dfb75c9", size = 11774717, upload-time = "2025-07-03T16:39:59.78Z" },
    { url = "https://files.pythonhosted.org/packages/87/e5/0c270e458fc73c46c0d0f7cf970bb14786e5fdb88c87b5e423a4bd65232b/ruff-0.12.2-py3-none-manylinux_2_17_x86_64.manylinux2014_x86_64.whl", hash = "sha256:6932323db80484dda89153da3d8e58164d01d6da86857c79f1961934354992da", size = 11646659, upload-time = "2025-07-03T16:40:01.934Z" },
    { url = "https://files.pythonhosted.org/packages/b7/b6/45ab96070c9752af37f0be364d849ed70e9ccede07675b0ec4e3ef76b63b/ruff-0.12.2-py3-none-musllinux_1_2_aarch64.whl", hash = "sha256:6aa7e623a3a11538108f61e859ebf016c4f14a7e6e4eba1980190cacb57714ce", size = 10604012, upload-time = "2025-07-03T16:40:04.363Z" },
    { url = "https://files.pythonhosted.org/packages/86/91/26a6e6a424eb147cc7627eebae095cfa0b4b337a7c1c413c447c9ebb72fd/ruff-0.12.2-py3-none-musllinux_1_2_armv7l.whl", hash = "sha256:2a4a20aeed74671b2def096bdf2eac610c7d8ffcbf4fb0e627c06947a1d7078d", size = 10176799, upload-time = "2025-07-03T16:40:06.514Z" },
    { url = "https://files.pythonhosted.org/packages/f5/0c/9f344583465a61c8918a7cda604226e77b2c548daf8ef7c2bfccf2b37200/ruff-0.12.2-py3-none-musllinux_1_2_i686.whl", hash = "sha256:71a4c550195612f486c9d1f2b045a600aeba851b298c667807ae933478fcef04", size = 11241507, upload-time = "2025-07-03T16:40:08.708Z" },
    { url = "https://files.pythonhosted.org/packages/1c/b7/99c34ded8fb5f86c0280278fa89a0066c3760edc326e935ce0b1550d315d/ruff-0.12.2-py3-none-musllinux_1_2_x86_64.whl", hash = "sha256:4987b8f4ceadf597c927beee65a5eaf994c6e2b631df963f86d8ad1bdea99342", size = 11717609, upload-time = "2025-07-03T16:40:10.836Z" },
    { url = "https://files.pythonhosted.org/packages/51/de/8589fa724590faa057e5a6d171e7f2f6cffe3287406ef40e49c682c07d89/ruff-0.12.2-py3-none-win32.whl", hash = "sha256:369ffb69b70cd55b6c3fc453b9492d98aed98062db9fec828cdfd069555f5f1a", size = 10523823, upload-time = "2025-07-03T16:40:13.203Z" },
    { url = "https://files.pythonhosted.org/packages/94/47/8abf129102ae4c90cba0c2199a1a9b0fa896f6f806238d6f8c14448cc748/ruff-0.12.2-py3-none-win_amd64.whl", hash = "sha256:dca8a3b6d6dc9810ed8f328d406516bf4d660c00caeaef36eb831cf4871b0639", size = 11629831, upload-time = "2025-07-03T16:40:15.478Z" },
    { url = "https://files.pythonhosted.org/packages/e2/1f/72d2946e3cc7456bb837e88000eb3437e55f80db339c840c04015a11115d/ruff-0.12.2-py3-none-win_arm64.whl", hash = "sha256:48d6c6bfb4761df68bc05ae630e24f506755e702d4fb08f08460be778c7ccb12", size = 10735334, upload-time = "2025-07-03T16:40:17.677Z" },
]
