version = 1
revision = 3
requires-python = ">=3.12"

[manifest]
members = [
    "report-core",
    "report-core-dev",
]

[[package]]
name = "maturin"
version = "1.11.5"
source = { registry = "https://pypi.org/simple" }
sdist = { url = "https://files.pythonhosted.org/packages/a4/84/bfed8cc10e2d8b6656cf0f0ca6609218e6fcb45a62929f5094e1063570f7/maturin-1.11.5.tar.gz", hash = "sha256:7579cf47640fb9595a19fe83a742cbf63203f0343055c349c1cab39045a30c29", size = 226885, upload-time = "2026-01-09T11:06:13.801Z" }
wheels = [
    { url = "https://files.pythonhosted.org/packages/d2/6c/3443d2f8c6d4eae5fc7479cd4053542aff4c1a8566d0019d0612d241b15a/maturin-1.11.5-py3-none-linux_armv6l.whl", hash = "sha256:edd1d4d35050ea2b9ef42aa01e87fe019a1e822940346b35ccb973e0aa8f6d82", size = 8845897, upload-time = "2026-01-09T11:06:17.327Z" },
    { url = "https://files.pythonhosted.org/packages/c5/03/abf1826d8aebc0d47ef6d21bdd752d98d63ac4372ad2b115db9cd5176229/maturin-1.11.5-py3-none-macosx_10_12_x86_64.macosx_11_0_arm64.macosx_10_12_universal2.whl", hash = "sha256:2a596eab137cb3e169b97e89a739515abfa7a8755e2e5f0fc91432ef446f74f4", size = 17233855, upload-time = "2026-01-09T11:06:04.272Z" },
    { url = "https://files.pythonhosted.org/packages/90/a1/5ad62913271724035a7e4bcf796d7c95b4119317ae5f8cb034844aa99bc4/maturin-1.11.5-py3-none-macosx_10_12_x86_64.whl", hash = "sha256:1c27a2eb47821edf26c75d100b3150b52dca2c1a5f074d7514af06f7a7acb9d5", size = 8881776, upload-time = "2026-01-09T11:06:10.24Z" },
    { url = "https://files.pythonhosted.org/packages/c6/66/997974b44f8d3de641281ec04fbf5b6ca821bdc8291a2fa73305978db74d/maturin-1.11.5-py3-none-manylinux_2_12_i686.manylinux2010_i686.musllinux_1_1_i686.whl", hash = "sha256:f1320dacddcd3aa84a4bdfc77ee6fdb60e4c3835c853d7eb79c09473628b0498", size = 8870347, upload-time = "2026-01-09T11:06:12.178Z" },
    { url = "https://files.pythonhosted.org/packages/58/e0/c8fa042daf0608cc2e9a59b6df3a9e287bfc7f229136f17727f4118bac2d/maturin-1.11.5-py3-none-manylinux_2_12_x86_64.manylinux2010_x86_64.musllinux_1_1_x86_64.whl", hash = "sha256:ffe7418834ff3b4a6c987187b7abb85ba033f4733e089d77d84e2de87057b4e7", size = 9291396, upload-time = "2026-01-09T11:06:02.05Z" },
    { url = "https://files.pythonhosted.org/packages/99/af/9d3edc8375efc8d435d5f24794bc4de234d4e743447592da970d53b31361/maturin-1.11.5-py3-none-manylinux_2_17_aarch64.manylinux2014_aarch64.musllinux_1_1_aarch64.whl", hash = "sha256:c739b243d012386902f112ea63a54a94848932b70ae3565fa5e121fd1c0200e0", size = 8827831, upload-time = "2026-01-09T11:06:19.523Z" },
    { url = "https://files.pythonhosted.org/packages/8a/12/cc341f6abbf9005f90935a4ee5dc7b30e2df7d1bb90b96d48b756b2c0ee7/maturin-1.11.5-py3-none-manylinux_2_17_armv7l.manylinux2014_armv7l.musllinux_1_1_armv7l.whl", hash = "sha256:8127d2cd25950bacbcdc8a2ec6daab1d4d27200f7d73964392680ad64d27f7f0", size = 8718895, upload-time = "2026-01-09T11:06:21.617Z" },
    { url = "https://files.pythonhosted.org/packages/76/17/654a59c66287e287373f2a0086e4fc8a23f0545a81c2bd6e324db26a5801/maturin-1.11.5-py3-none-manylinux_2_17_ppc64le.manylinux2014_ppc64le.musllinux_1_1_ppc64le.whl", hash = "sha256:2a4e872fb78e77748217084ffeb59de565d08a86ccefdace054520aaa7b66db4", size = 11384741, upload-time = "2026-01-09T11:06:15.261Z" },
    { url = "https://files.pythonhosted.org/packages/2e/da/7118de648182971d723ea99d79c55007f96cdafc95f5322cc1ad15f6683e/maturin-1.11.5-py3-none-manylinux_2_17_s390x.manylinux2014_s390x.whl", hash = "sha256:2079447967819b5cf615e5b5b99a406d662effdc8d6afd493dcd253c6afc3707", size = 9423814, upload-time = "2026-01-09T11:05:57.242Z" },
    { url = "https://files.pythonhosted.org/packages/cf/8f/be14395c6e23b19ddaa0c171e68915bdcd1ef61ad1f411739c6721196903/maturin-1.11.5-py3-none-manylinux_2_31_riscv64.whl", hash = "sha256:50f6c668c1d5d4d4dc1c3ffec7b4270dab493e5b2368f8e4213f4bcde6a50eea", size = 9104378, upload-time = "2026-01-09T11:05:59.835Z" },
    { url = "https://files.pythonhosted.org/packages/77/83/53ea82a2f42a03930ea5545673d11a4ef49bb886827353a701f41a5f11c4/maturin-1.11.5-py3-none-win32.whl", hash = "sha256:49f85ce6cbe478e9743ecddd6da2964afc0ded57013aa4d054256be702d23d40", size = 7738696, upload-time = "2026-01-09T11:06:06.651Z" },
    { url = "https://files.pythonhosted.org/packages/3c/41/353a26d49aa80081c514a6354d429efbecedb90d0153ec598cece3baa607/maturin-1.11.5-py3-none-win_amd64.whl", hash = "sha256:70d3e5beffb9ef9dfae5f3c1a7eeb572091505eb8cb076e9434518df1c42a73b", size = 9029838, upload-time = "2026-01-09T11:05:54.543Z" },
    { url = "https://files.pythonhosted.org/packages/15/67/c94f8f5440bc42d54113a2d99de0d6107f06b5a33f31823e52b2715d856f/maturin-1.11.5-py3-none-win_arm64.whl", hash = "sha256:9348f7f0a346108e0c96e6719be91da4470bd43c15802435e9f4157f5cca43d4", size = 7624029, upload-time = "2026-01-09T11:06:08.728Z" },
]

[[package]]
name = "report-core"
source = { editable = "core_pyo3" }

[[package]]
name = "report-core-dev"
version = "0.11.1"
source = { virtual = "." }

[package.dev-dependencies]
dev = [
    { name = "maturin" },
    { name = "ruff" },
]

[package.metadata]

[package.metadata.requires-dev]
dev = [
    { name = "maturin", specifier = ">=1.9.0" },
    { name = "ruff", specifier = ">=0.11.13" },
]

[[package]]
name = "ruff"
version = "0.14.11"
source = { registry = "https://pypi.org/simple" }
sdist = { url = "https://files.pythonhosted.org/packages/d4/77/9a7fe084d268f8855d493e5031ea03fa0af8cc05887f638bf1c4e3363eb8/ruff-0.14.11.tar.gz", hash = "sha256:f6dc463bfa5c07a59b1ff2c3b9767373e541346ea105503b4c0369c520a66958", size = 5993417, upload-time = "2026-01-08T19:11:58.322Z" }
wheels = [
    { url = "https://files.pythonhosted.org/packages/f0/a6/a4c40a5aaa7e331f245d2dc1ac8ece306681f52b636b40ef87c88b9f7afd/ruff-0.14.11-py3-none-linux_armv6l.whl", hash = "sha256:f6ff2d95cbd335841a7217bdfd9c1d2e44eac2c584197ab1385579d55ff8830e", size = 12951208, upload-time = "2026-01-08T19:12:09.218Z" },
    { url = "https://files.pythonhosted.org/packages/5c/5c/360a35cb7204b328b685d3129c08aca24765ff92b5a7efedbdd6c150d555/ruff-0.14.11-py3-none-macosx_10_12_x86_64.whl", hash = "sha256:6f6eb5c1c8033680f4172ea9c8d3706c156223010b8b97b05e82c59bdc774ee6", size = 13330075, upload-time = "2026-01-08T19:12:02.549Z" },
    { url = "https://files.pythonhosted.org/packages/1b/9e/0cc2f1be7a7d33cae541824cf3f95b4ff40d03557b575912b5b70273c9ec/ruff-0.14.11-py3-none-macosx_11_0_arm64.whl", hash = "sha256:f2fc34cc896f90080fca01259f96c566f74069a04b25b6205d55379d12a6855e", size = 12257809, upload-time = "2026-01-08T19:12:00.366Z" },
    { url = "https://files.pythonhosted.org/packages/a7/e5/5faab97c15bb75228d9f74637e775d26ac703cc2b4898564c01ab3637c02/ruff-0.14.11-py3-none-manylinux_2_17_aarch64.manylinux2014_aarch64.whl", hash = "sha256:53386375001773ae812b43205d6064dae49ff0968774e6befe16a994fc233caa", size = 12678447, upload-time = "2026-01-08T19:12:13.899Z" },
    { url = "https://files.pythonhosted.org/packages/1b/33/e9767f60a2bef779fb5855cab0af76c488e0ce90f7bb7b8a45c8a2ba4178/ruff-0.14.11-py3-none-manylinux_2_17_armv7l.manylinux2014_armv7l.whl", hash = "sha256:a697737dce1ca97a0a55b5ff0434ee7205943d4874d638fe3ae66166ff46edbe", size = 12758560, upload-time = "2026-01-08T19:11:42.55Z" },
    { url = "https://files.pythonhosted.org/packages/eb/84/4c6cf627a21462bb5102f7be2a320b084228ff26e105510cd2255ea868e5/ruff-0.14.11-py3-none-manylinux_2_17_i686.manylinux2014_i686.whl", hash = "sha256:6845ca1da8ab81ab1dce755a32ad13f1db72e7fba27c486d5d90d65e04d17b8f", size = 13599296, upload-time = "2026-01-08T19:11:30.371Z" },
    { url = "https://files.pythonhosted.org/packages/88/e1/92b5ed7ea66d849f6157e695dc23d5d6d982bd6aa8d077895652c38a7cae/ruff-0.14.11-py3-none-manylinux_2_17_ppc64.manylinux2014_ppc64.whl", hash = "sha256:e36ce2fd31b54065ec6f76cb08d60159e1b32bdf08507862e32f47e6dde8bcbf", size = 15048981, upload-time = "2026-01-08T19:12:04.742Z" },
    { url = "https://files.pythonhosted.org/packages/61/df/c1bd30992615ac17c2fb64b8a7376ca22c04a70555b5d05b8f717163cf9f/ruff-0.14.11-py3-none-manylinux_2_17_ppc64le.manylinux2014_ppc64le.whl", hash = "sha256:590bcc0e2097ecf74e62a5c10a6b71f008ad82eb97b0a0079e85defe19fe74d9", size = 14633183, upload-time = "2026-01-08T19:11:40.069Z" },
    { url = "https://files.pythonhosted.org/packages/04/e9/fe552902f25013dd28a5428a42347d9ad20c4b534834a325a28305747d64/ruff-0.14.11-py3-none-manylinux_2_17_s390x.manylinux2014_s390x.whl", hash = "sha256:53fe71125fc158210d57fe4da26e622c9c294022988d08d9347ec1cf782adafe", size = 14050453, upload-time = "2026-01-08T19:11:37.555Z" },
    { url = "https://files.pythonhosted.org/packages/ae/93/f36d89fa021543187f98991609ce6e47e24f35f008dfe1af01379d248a41/ruff-0.14.11-py3-none-manylinux_2_17_x86_64.manylinux2014_x86_64.whl", hash = "sha256:a35c9da08562f1598ded8470fcfef2afb5cf881996e6c0a502ceb61f4bc9c8a3", size = 13757889, upload-time = "2026-01-08T19:12:07.094Z" },
    { url = "https://files.pythonhosted.org/packages/b7/9f/c7fb6ecf554f28709a6a1f2a7f74750d400979e8cd47ed29feeaa1bd4db8/ruff-0.14.11-py3-none-manylinux_2_31_riscv64.whl", hash = "sha256:0f3727189a52179393ecf92ec7057c2210203e6af2676f08d92140d3e1ee72c1", size = 13955832, upload-time = "2026-01-08T19:11:55.064Z" },
    { url = "https://files.pythonhosted.org/packages/db/a0/153315310f250f76900a98278cf878c64dfb6d044e184491dd3289796734/ruff-0.14.11-py3-none-musllinux_1_2_aarch64.whl", hash = "sha256:eb09f849bd37147a789b85995ff734a6c4a095bed5fd1608c4f56afc3634cde2", size = 12586522, upload-time = "2026-01-08T19:11:35.356Z" },
    { url = "https://files.pythonhosted.org/packages/2f/2b/a73a2b6e6d2df1d74bf2b78098be1572191e54bec0e59e29382d13c3adc5/ruff-0.14.11-py3-none-musllinux_1_2_armv7l.whl", hash = "sha256:c61782543c1231bf71041461c1f28c64b961d457d0f238ac388e2ab173d7ecb7", size = 12724637, upload-time = "2026-01-08T19:11:47.796Z" },
    { url = "https://files.pythonhosted.org/packages/f0/41/09100590320394401cd3c48fc718a8ba71c7ddb1ffd07e0ad6576b3a3df2/ruff-0.14.11-py3-none-musllinux_1_2_i686.whl", hash = "sha256:82ff352ea68fb6766140381748e1f67f83c39860b6446966cff48a315c3e2491", size = 13145837, upload-time = "2026-01-08T19:11:32.87Z" },
    { url = "https://files.pythonhosted.org/packages/3b/d8/e035db859d1d3edf909381eb8ff3e89a672d6572e9454093538fe6f164b0/ruff-0.14.11-py3-none-musllinux_1_2_x86_64.whl", hash = "sha256:728e56879df4ca5b62a9dde2dd0eb0edda2a55160c0ea28c4025f18c03f86984", size = 13850469, upload-time = "2026-01-08T19:12:11.694Z" },
    { url = "https://files.pythonhosted.org/packages/4e/02/bb3ff8b6e6d02ce9e3740f4c17dfbbfb55f34c789c139e9cd91985f356c7/ruff-0.14.11-py3-none-win32.whl", hash = "sha256:337c5dd11f16ee52ae217757d9b82a26400be7efac883e9e852646f1557ed841", size = 12851094, upload-time = "2026-01-08T19:11:45.163Z" },
    { url = "https://files.pythonhosted.org/packages/58/f1/90ddc533918d3a2ad628bc3044cdfc094949e6d4b929220c3f0eb8a1c998/ruff-0.14.11-py3-none-win_amd64.whl", hash = "sha256:f981cea63d08456b2c070e64b79cb62f951aa1305282974d4d5216e6e0178ae6", size = 14001379, upload-time = "2026-01-08T19:11:52.591Z" },
    { url = "https://files.pythonhosted.org/packages/c4/1c/1dbe51782c0e1e9cfce1d1004752672d2d4629ea46945d19d731ad772b3b/ruff-0.14.11-py3-none-win_arm64.whl", hash = "sha256:649fb6c9edd7f751db276ef42df1f3df41c38d67d199570ae2a7bd6cbc3590f0", size = 12938644, upload-time = "2026-01-08T19:11:50.027Z" },
]
